github.com/rwxrob/bonzai v0.14.1 h1:v0ItthDiXV7MXRAw7nyTIgsnQn8ZM/VeTCuXJOwVPsw=
github.com/rwxrob/bonzai v0.14.1/go.mod h1:hap+YriuJgncCLUgF6JJgLeldo3ggGVk+4s1G/FFSDk=
github.com/rwxrob/compcmd v0.3.0 h1:AlJNItb7+Yk17qmH5E7TJFyBXhna/rS3NeQAgjqbFls=
github.com/rwxrob/compcmd v0.3.0/go.mod h1:XOHl6bS2Uen6Wx2mxtbtUhT8Sbz1IhnaE55xPkhTBD4=
github.com/rwxrob/fn v0.3.3 h1:ymRQGWDhrrvoHKXLJ4WZlgI2qrC7gMOotowQMGvwmVQ=
github.com/rwxrob/fn v0.3.3/go.mod h1:omPqOqEB+dDna09z5pi5YFxq4IZqDvv3wFPUCES5LvY=
github.com/rwxrob/fs v0.5.2 h1:Ym5IYZZhKNna49K3epXzeyiwH4aT+rfXo8Zb4yLCVyY=
github.com/rwxrob/fs v0.5.2/go.mod h1:vO8AeluD7rnrO7zC54745xTEBFgHPUpHL0hbp1NnsVo=
github.com/rwxrob/fs v0.6.0 h1:q8U4n0E8CkzkZ7+l8uX7vD6yU0tO2X9jam0vojjqwcA=
github.com/rwxrob/fs v0.6.0/go.mod h1:vO8AeluD7rnrO7zC54745xTEBFgHPUpHL0hbp1NnsVo=
github.com/rwxrob/help v0.5.1 h1:P5RPTnx0o0rKrFHRi/kqzgujZQ1jKfRchDvuqu2XnJI=
github.com/rwxrob/help v0.5.1/go.mod h1:gn14I1aj/wgXYohNKv0Uo5vGgTPLGvCo08nB4KdVacc=
github.com/rwxrob/java v0.2.0 h1:3bZ/rSv/hsz9bAzsstOQUR9MwrzRgAjOKNdhev9j6z8=
github.com/rwxrob/java v0.2.0/go.mod h1:CzDe/K5ooJlLVQPDm4WJC5T07dC2yPMUvLTQCwVHp+o=
github.com/rwxrob/java v0.3.0 h1:y7/BuFF6X88Lt1wC6t0kPAaNo1jMybv8sE0uirY7DnA=
github.com/rwxrob/java v0.3.0/go.mod h1:CzDe/K5ooJlLVQPDm4WJC5T07dC2yPMUvLTQCwVHp+o=
github.com/rwxrob/java v0.3.1 h1:V+Gvdy67T8cPZ2oJ5hsRekqkwrt+L7aPgNY/5tpXDzQ=
github.com/rwxrob/java v0.3.1/go.mod h1:CzDe/K5ooJlLVQPDm4WJC5T07dC2yPMUvLTQCwVHp+o=
github.com/rwxrob/scan v0.9.0 h1:0FhHGrjmwRvRJWCW6I2BlOgEZKa4Af/R6t/2or8abAE=
github.com/rwxrob/scan v0.9.0/go.mod h1:sDIllL5+Ppk33AHkhhdrkPLP0EheWQPoNotKMhUfCIg=
github.com/rwxrob/structs v0.6.0 h1:t8JVd/Pee1OGaXgT6QYmGed470C9vOw6scdH8Cr5LPg=
github.com/rwxrob/structs v0.6.0/go.mod h1:txMfzPfEiIDNM5bwhzUqxr/1QQ3ekOuj3KLT8Nt1fA0=
github.com/rwxrob/term v0.2.8 h1:N9spr+owF8mRizSqPiATu5F0v2VJUIKwRldsibAUys8=
github.com/rwxrob/term v0.2.8/go.mod h1:UruWGJ5mrQH5v1XBg52s7ldZUBXxEODevbkoFUM4SrQ=
github.com/rwxrob/to v0.7.0 h1:hTs6pH6J4/JAex/T+ktsz3to8ojuuS9tCW4j4fHBTvY=
github.com/rwxrob/to v0.7.0/go.mod h1:5z3Y1tyXRmPfa+be5hvnxYuLQ0NSBQsE6mIBVTqlYTA=
golang.org/x/crypto v0.0.0-20220722155217-630584e8d5aa h1:zuSxTR4o9y82ebqCUJYNGJbGPo6sKVl54f/TVDObg1c=
golang.org/x/crypto v0.0.0-20220722155217-630584e8d5aa/go.mod h1:IxCIyHEi3zRg3s0A5j5BB6A9Jmi73HwBIUl50j+osU4=
golang.org/x/sys v0.0.0-20220730100132-1609e554cd39 h1:aNCnH+Fiqs7ZDTFH6oEFjIfbX2HvgQXJ6uQuUbTobjk=
golang.org/x/sys v0.0.0-20220730100132-1609e554cd39/go.mod h1:oPkhp1MJrh7nUepCBck5+mAzfO9JrbApNNgaTdGDITg=
golang.org/x/sys v0.0.0-20220731174439-a90be440212d h1:Sv5ogFZatcgIMMtBSTTAgMYsicp25MXBubjXNDKwm80=
golang.org/x/sys v0.0.0-20220731174439-a90be440212d/go.mod h1:oPkhp1MJrh7nUepCBck5+mAzfO9JrbApNNgaTdGDITg=
golang.org/x/term v0.0.0-20220722155259-a9ba230a4035 h1:Q5284mrmYTpACcm+eAKjKJH48BBwSyfJqmmGDTtT8Vc=
golang.org/x/term v0.0.0-20220722155259-a9ba230a4035/go.mod h1:jbD1KX2456YbFQfuXm/mYQcufACuNUgVhRMnK/tPxf8=
